// !$*UTF8*$!
{
	archiveVersion = 1;
	classes = {
	};
	objectVersion = 48;
	objects = {

/* Begin PBXBuildFile section */
		AD20DFB92043DC9900D16D26 /* LoginCell.swift in Sources */ = {isa = PBXBuildFile; fileRef = AD20DFB82043DC9900D16D26 /* LoginCell.swift */; };
		AD217BA9204203730090A841 /* AppDelegate.swift in Sources */ = {isa = PBXBuildFile; fileRef = AD217BA8204203730090A841 /* AppDelegate.swift */; };
		AD217BAB204203730090A841 /* LoginController.swift in Sources */ = {isa = PBXBuildFile; fileRef = AD217BAA204203730090A841 /* LoginController.swift */; };
		AD217BB0204203730090A841 /* Assets.xcassets in Resources */ = {isa = PBXBuildFile; fileRef = AD217BAF204203730090A841 /* Assets.xcassets */; };
		AD217BB3204203730090A841 /* LaunchScreen.storyboard in Resources */ = {isa = PBXBuildFile; fileRef = AD217BB1204203730090A841 /* LaunchScreen.storyboard */; };
		AD217BBB204209070090A841 /* PageCell.swift in Sources */ = {isa = PBXBuildFile; fileRef = AD217BBA204209070090A841 /* PageCell.swift */; };
		AD217BBD204218010090A841 /* Page.swift in Sources */ = {isa = PBXBuildFile; fileRef = AD217BBC204218010090A841 /* Page.swift */; };
		AD217BBF2042A2B40090A841 /* Extensions.swift in Sources */ = {isa = PBXBuildFile; fileRef = AD217BBE2042A2B40090A841 /* Extensions.swift */; };
		AD2B31E82044ABCB00377212 /* MainNavigationController.swift in Sources */ = {isa = PBXBuildFile; fileRef = AD2B31E72044ABCB00377212 /* MainNavigationController.swift */; };
		AD2B31EA2044D4D900377212 /* HomeController.swift in Sources */ = {isa = PBXBuildFile; fileRef = AD2B31E92044D4D900377212 /* HomeController.swift */; };
		AD2B31EC2044D63F00377212 /* UserDefaults+Helpers.swift in Sources */ = {isa = PBXBuildFile; fileRef = AD2B31EB2044D63F00377212 /* UserDefaults+Helpers.swift */; };
/* End PBXBuildFile section */

/* Begin PBXFileReference section */
		AD20DFB82043DC9900D16D26 /* LoginCell.swift */ = {isa = PBXFileReference; lastKnownFileType = sourcecode.swift; path = LoginCell.swift; sourceTree = "<group>"; };
		AD217BA5204203730090A841 /* Audible-Login-Guide.app */ = {isa = PBXFileReference; explicitFileType = wrapper.application; includeInIndex = 0; path = "Audible-Login-Guide.app"; sourceTree = BUILT_PRODUCTS_DIR; };
		AD217BA8204203730090A841 /* AppDelegate.swift */ = {isa = PBXFileReference; lastKnownFileType = sourcecode.swift; path = AppDelegate.swift; sourceTree = "<group>"; };
		AD217BAA204203730090A841 /* LoginController.swift */ = {isa = PBXFileReference; lastKnownFileType = sourcecode.swift; path = LoginController.swift; sourceTree = "<group>"; };
		AD217BAF204203730090A841 /* Assets.xcassets */ = {isa = PBXFileReference; lastKnownFileType = folder.assetcatalog; path = Assets.xcassets; sourceTree = "<group>"; };
		AD217BB2204203730090A841 /* Base */ = {isa = PBXFileReference; lastKnownFileType = file.storyboard; name = Base; path = Base.lproj/LaunchScreen.storyboard; sourceTree = "<group>"; };
		AD217BB4204203730090A841 /* Info.plist */ = {isa = PBXFileReference; lastKnownFileType = text.plist.xml; path = Info.plist; sourceTree = "<group>"; };
		AD217BBA204209070090A841 /* PageCell.swift */ = {isa = PBXFileReference; lastKnownFileType = sourcecode.swift; path = PageCell.swift; sourceTree = "<group>"; };
		AD217BBC204218010090A841 /* Page.swift */ = {isa = PBXFileReference; lastKnownFileType = sourcecode.swift; path = Page.swift; sourceTree = "<group>"; };
		AD217BBE2042A2B40090A841 /* Extensions.swift */ = {isa = PBXFileReference; lastKnownFileType = sourcecode.swift; path = Extensions.swift; sourceTree = "<group>"; };
		AD2B31E72044ABCB00377212 /* MainNavigationController.swift */ = {isa = PBXFileReference; lastKnownFileType = sourcecode.swift; path = MainNavigationController.swift; sourceTree = "<group>"; };
		AD2B31E92044D4D900377212 /* HomeController.swift */ = {isa = PBXFileReference; lastKnownFileType = sourcecode.swift; path = HomeController.swift; sourceTree = "<group>"; };
		AD2B31EB2044D63F00377212 /* UserDefaults+Helpers.swift */ = {isa = PBXFileReference; lastKnownFileType = sourcecode.swift; path = "UserDefaults+Helpers.swift"; sourceTree = "<group>"; };
/* End PBXFileReference section */

/* Begin PBXFrameworksBuildPhase section */
		AD217BA2204203730090A841 /* Frameworks */ = {
			isa = PBXFrameworksBuildPhase;
			buildActionMask = 2147483647;
			files = (
			);
			runOnlyForDeploymentPostprocessing = 0;
		};
/* End PBXFrameworksBuildPhase section */

/* Begin PBXGroup section */
		AD217B9C204203730090A841 = {
			isa = PBXGroup;
			children = (
				AD217BA7204203730090A841 /* Audible-Login-Guide */,
				AD217BA6204203730090A841 /* Products */,
			);
			sourceTree = "<group>";
		};
		AD217BA6204203730090A841 /* Products */ = {
			isa = PBXGroup;
			children = (
				AD217BA5204203730090A841 /* Audible-Login-Guide.app */,
			);
			name = Products;
			sourceTree = "<group>";
		};
		AD217BA7204203730090A841 /* Audible-Login-Guide */ = {
			isa = PBXGroup;
			children = (
				AD217BA8204203730090A841 /* AppDelegate.swift */,
				AD217BAA204203730090A841 /* LoginController.swift */,
				AD217BAF204203730090A841 /* Assets.xcassets */,
				AD217BB1204203730090A841 /* LaunchScreen.storyboard */,
				AD217BB4204203730090A841 /* Info.plist */,
				AD217BBA204209070090A841 /* PageCell.swift */,
				AD217BBC204218010090A841 /* Page.swift */,
				AD217BBE2042A2B40090A841 /* Extensions.swift */,
				AD20DFB82043DC9900D16D26 /* LoginCell.swift */,
				AD2B31E72044ABCB00377212 /* MainNavigationController.swift */,
				AD2B31E92044D4D900377212 /* HomeController.swift */,
				AD2B31EB2044D63F00377212 /* UserDefaults+Helpers.swift */,
			);
			path = "Audible-Login-Guide";
			sourceTree = "<group>";
		};
/* End PBXGroup section */

/* Begin PBXNativeTarget section */
		AD217BA4204203730090A841 /* Audible-Login-Guide */ = {
			isa = PBXNativeTarget;
			buildConfigurationList = AD217BB7204203730090A841 /* Build configuration list for PBXNativeTarget "Audible-Login-Guide" */;
			buildPhases = (
				AD217BA1204203730090A841 /* Sources */,
				AD217BA2204203730090A841 /* Frameworks */,
				AD217BA3204203730090A841 /* Resources */,
			);
			buildRules = (
			);
			dependencies = (
			);
			name = "Audible-Login-Guide";
			productName = "Audible-Login-Guide";
			productReference = AD217BA5204203730090A841 /* Audible-Login-Guide.app */;
			productType = "com.apple.product-type.application";
		};
/* End PBXNativeTarget section */

/* Begin PBXProject section */
		AD217B9D204203730090A841 /* Project object */ = {
			isa = PBXProject;
			attributes = {
				LastSwiftUpdateCheck = 0920;
				LastUpgradeCheck = 0920;
				ORGANIZATIONNAME = "Mac Gallagher";
				TargetAttributes = {
					AD217BA4204203730090A841 = {
						CreatedOnToolsVersion = 9.2;
						ProvisioningStyle = Automatic;
					};
				};
			};
			buildConfigurationList = AD217BA0204203730090A841 /* Build configuration list for PBXProject "Audible-Login-Guide" */;
			compatibilityVersion = "Xcode 8.0";
			developmentRegion = en;
			hasScannedForEncodings = 0;
			knownRegions = (
				en,
				Base,
			);
			mainGroup = AD217B9C204203730090A841;
			productRefGroup = AD217BA6204203730090A841 /* Products */;
			projectDirPath = "";
			projectRoot = "";
			targets = (
				AD217BA4204203730090A841 /* Audible-Login-Guide */,
			);
		};
/* End PBXProject section */

/* Begin PBXResourcesBuildPhase section */
		AD217BA3204203730090A841 /* Resources */ = {
			isa = PBXResourcesBuildPhase;
			buildActionMask = 2147483647;
			files = (
				AD217BB3204203730090A841 /* LaunchScreen.storyboard in Resources */,
				AD217BB0204203730090A841 /* Assets.xcassets in Resources */,
			);
			runOnlyForDeploymentPostprocessing = 0;
		};
/* End PBXResourcesBuildPhase section */

/* Begin PBXSourcesBuildPhase section */
		AD217BA1204203730090A841 /* Sources */ = {
			isa = PBXSourcesBuildPhase;
			buildActionMask = 2147483647;
			files = (
				AD217BBF2042A2B40090A841 /* Extensions.swift in Sources */,
				AD217BAB204203730090A841 /* LoginController.swift in Sources */,
				AD217BA9204203730090A841 /* AppDelegate.swift in Sources */,
				AD217BBD204218010090A841 /* Page.swift in Sources */,
				AD2B31EA2044D4D900377212 /* HomeController.swift in Sources */,
				AD2B31E82044ABCB00377212 /* MainNavigationController.swift in Sources */,
				AD2B31EC2044D63F00377212 /* UserDefaults+Helpers.swift in Sources */,
				AD217BBB204209070090A841 /* PageCell.swift in Sources */,
				AD20DFB92043DC9900D16D26 /* LoginCell.swift in Sources */,
			);
			runOnlyForDeploymentPostprocessing = 0;
		};
/* End PBXSourcesBuildPhase section */

/* Begin PBXVariantGroup section */
		AD217BB1204203730090A841 /* LaunchScreen.storyboard */ = {
			isa = PBXVariantGroup;
			children = (
				AD217BB2204203730090A841 /* Base */,
			);
			name = LaunchScreen.storyboard;
			sourceTree = "<group>";
		};
/* End PBXVariantGroup section */

/* Begin XCBuildConfiguration section */
		AD217BB5204203730090A841 /* Debug */ = {
			isa = XCBuildConfiguration;
			buildSettings = {
				ALWAYS_SEARCH_USER_PATHS = NO;
				CLANG_ANALYZER_NONNULL = YES;
				CLANG_ANALYZER_NUMBER_OBJECT_CONVERSION = YES_AGGRESSIVE;
				CLANG_CXX_LANGUAGE_STANDARD = "gnu++14";
				CLANG_CXX_LIBRARY = "libc++";
				CLANG_ENABLE_MODULES = YES;
				CLANG_ENABLE_OBJC_ARC = YES;
				CLANG_WARN_BLOCK_CAPTURE_AUTORELEASING = YES;
				CLANG_WARN_BOOL_CONVERSION = YES;
				CLANG_WARN_COMMA = YES;
				CLANG_WARN_CONSTANT_CONVERSION = YES;
				CLANG_WARN_DIRECT_OBJC_ISA_USAGE = YES_ERROR;
				CLANG_WARN_DOCUMENTATION_COMMENTS = YES;
				CLANG_WARN_EMPTY_BODY = YES;
				CLANG_WARN_ENUM_CONVERSION = YES;
				CLANG_WARN_INFINITE_RECURSION = YES;
				CLANG_WARN_INT_CONVERSION = YES;
				CLANG_WARN_NON_LITERAL_NULL_CONVERSION = YES;
				CLANG_WARN_OBJC_LITERAL_CONVERSION = YES;
				CLANG_WARN_OBJC_ROOT_CLASS = YES_ERROR;
				CLANG_WARN_RANGE_LOOP_ANALYSIS = YES;
				CLANG_WARN_STRICT_PROTOTYPES = YES;
				CLANG_WARN_SUSPICIOUS_MOVE = YES;
				CLANG_WARN_UNGUARDED_AVAILABILITY = YES_AGGRESSIVE;
				CLANG_WARN_UNREACHABLE_CODE = YES;
				CLANG_WARN__DUPLICATE_METHOD_MATCH = YES;
				CODE_SIGN_IDENTITY = "iPhone Developer";
				COPY_PHASE_STRIP = NO;
				DEBUG_INFORMATION_FORMAT = dwarf;
				ENABLE_STRICT_OBJC_MSGSEND = YES;
				ENABLE_TESTABILITY = YES;
				GCC_C_LANGUAGE_STANDARD = gnu11;
				GCC_DYNAMIC_NO_PIC = NO;
				GCC_NO_COMMON_BLOCKS = YES;
				GCC_OPTIMIZATION_LEVEL = 0;
				GCC_PREPROCESSOR_DEFINITIONS = (
					"DEBUG=1",
					"$(inherited)",
				);
				GCC_WARN_64_TO_32_BIT_CONVERSION = YES;
				GCC_WARN_ABOUT_RETURN_TYPE = YES_ERROR;
				GCC_WARN_UNDECLARED_SELECTOR = YES;
				GCC_WARN_UNINITIALIZED_AUTOS = YES_AGGRESSIVE;
				GCC_WARN_UNUSED_FUNCTION = YES;
				GCC_WARN_UNUSED_VARIABLE = YES;
				IPHONEOS_DEPLOYMENT_TARGET = 11.2;
				MTL_ENABLE_DEBUG_INFO = YES;
				ONLY_ACTIVE_ARCH = YES;
				SDKROOT = iphoneos;
				SWIFT_ACTIVE_COMPILATION_CONDITIONS = DEBUG;
				SWIFT_OPTIMIZATION_LEVEL = "-Onone";
			};
			name = Debug;
		};
		AD217BB6204203730090A841 /* Release */ = {
			isa = XCBuildConfiguration;
			buildSettings = {
				ALWAYS_SEARCH_USER_PATHS = NO;
				CLANG_ANALYZER_NONNULL = YES;
				CLANG_ANALYZER_NUMBER_OBJECT_CONVERSION = YES_AGGRESSIVE;
				CLANG_CXX_LANGUAGE_STANDARD = "gnu++14";
				CLANG_CXX_LIBRARY = "libc++";
				CLANG_ENABLE_MODULES = YES;
				CLANG_ENABLE_OBJC_ARC = YES;
				CLANG_WARN_BLOCK_CAPTURE_AUTORELEASING = YES;
				CLANG_WARN_BOOL_CONVERSION = YES;
				CLANG_WARN_COMMA = YES;
				CLANG_WARN_CONSTANT_CONVERSION = YES;
				CLANG_WARN_DIRECT_OBJC_ISA_USAGE = YES_ERROR;
				CLANG_WARN_DOCUMENTATION_COMMENTS = YES;
				CLANG_WARN_EMPTY_BODY = YES;
				CLANG_WARN_ENUM_CONVERSION = YES;
				CLANG_WARN_INFINITE_RECURSION = YES;
				CLANG_WARN_INT_CONVERSION = YES;
				CLANG_WARN_NON_LITERAL_NULL_CONVERSION = YES;
				CLANG_WARN_OBJC_LITERAL_CONVERSION = YES;
				CLANG_WARN_OBJC_ROOT_CLASS = YES_ERROR;
				CLANG_WARN_RANGE_LOOP_ANALYSIS = YES;
				CLANG_WARN_STRICT_PROTOTYPES = YES;
				CLANG_WARN_SUSPICIOUS_MOVE = YES;
				CLANG_WARN_UNGUARDED_AVAILABILITY = YES_AGGRESSIVE;
				CLANG_WARN_UNREACHABLE_CODE = YES;
				CLANG_WARN__DUPLICATE_METHOD_MATCH = YES;
				CODE_SIGN_IDENTITY = "iPhone Developer";
				COPY_PHASE_STRIP = NO;
				DEBUG_INFORMATION_FORMAT = "dwarf-with-dsym";
				ENABLE_NS_ASSERTIONS = NO;
				ENABLE_STRICT_OBJC_MSGSEND = YES;
				GCC_C_LANGUAGE_STANDARD = gnu11;
				GCC_NO_COMMON_BLOCKS = YES;
				GCC_WARN_64_TO_32_BIT_CONVERSION = YES;
				GCC_WARN_ABOUT_RETURN_TYPE = YES_ERROR;
				GCC_WARN_UNDECLARED_SELECTOR = YES;
				GCC_WARN_UNINITIALIZED_AUTOS = YES_AGGRESSIVE;
				GCC_WARN_UNUSED_FUNCTION = YES;
				GCC_WARN_UNUSED_VARIABLE = YES;
				IPHONEOS_DEPLOYMENT_TARGET = 11.2;
				MTL_ENABLE_DEBUG_INFO = NO;
				SDKROOT = iphoneos;
				SWIFT_OPTIMIZATION_LEVEL = "-Owholemodule";
				VALIDATE_PRODUCT = YES;
			};
			name = Release;
		};
		AD217BB8204203730090A841 /* Debug */ = {
			isa = XCBuildConfiguration;
			buildSettings = {
				ASSETCATALOG_COMPILER_APPICON_NAME = AppIcon;
				CODE_SIGN_STYLE = Automatic;
				DEVELOPMENT_TEAM = DYZ8Y2U8DB;
				INFOPLIST_FILE = "Audible-Login-Guide/Info.plist";
				LD_RUNPATH_SEARCH_PATHS = "$(inherited) @executable_path/Frameworks";
				PRODUCT_BUNDLE_IDENTIFIER = "com.macgallagher.Audible-Login-Guide";
				PRODUCT_NAME = "$(TARGET_NAME)";
				SWIFT_VERSION = 4.0;
				TARGETED_DEVICE_FAMILY = "1,2";
			};
			name = Debug;
		};
		AD217BB9204203730090A841 /* Release */ = {
			isa = XCBuildConfiguration;
			buildSettings = {
				ASSETCATALOG_COMPILER_APPICON_NAME = AppIcon;
				CODE_SIGN_STYLE = Automatic;
				DEVELOPMENT_TEAM = DYZ8Y2U8DB;
				INFOPLIST_FILE = "Audible-Login-Guide/Info.plist";
				LD_RUNPATH_SEARCH_PATHS = "$(inherited) @executable_path/Frameworks";
				PRODUCT_BUNDLE_IDENTIFIER = "com.macgallagher.Audible-Login-Guide";
				PRODUCT_NAME = "$(TARGET_NAME)";
				SWIFT_VERSION = 4.0;
				TARGETED_DEVICE_FAMILY = "1,2";
			};
			name = Release;
		};
/* End XCBuildConfiguration section */

/* Begin XCConfigurationList section */
		AD217BA0204203730090A841 /* Build configuration list for PBXProject "Audible-Login-Guide" */ = {
			isa = XCConfigurationList;
			buildConfigurations = (
				AD217BB5204203730090A841 /* Debug */,
				AD217BB6204203730090A841 /* Release */,
			);
			defaultConfigurationIsVisible = 0;
			defaultConfigurationName = Release;
		};
		AD217BB7204203730090A841 /* Build configuration list for PBXNativeTarget "Audible-Login-Guide" */ = {
			isa = XCConfigurationList;
			buildConfigurations = (
				AD217BB8204203730090A841 /* Debug */,
				AD217BB9204203730090A841 /* Release */,
			);
			defaultConfigurationIsVisible = 0;
			defaultConfigurationName = Release;
		};
/* End XCConfigurationList section */
	};
	rootObject = AD217B9D204203730090A841 /* Project object */;
}
